
Microsoft Visual Studio Solution File, Format Version 12.00
Project("{FAE04EC0-301F-11D3-BF4B-00C04F79EFBC}") = "BinanceTest", "BinanceTest\BinanceTest.csproj", "{356DAED8-C3E0-46DA-9485-7505616AE5CC}"
EndProject
Global
	GlobalSection(SolutionConfigurationPlatforms) = preSolution
		Debug|Any CPU = Debug|Any CPU
		Release|Any CPU = Release|Any CPU
	EndGlobalSection
	GlobalSection(ProjectConfigurationPlatforms) = postSolution
		{356DAED8-C3E0-46DA-9485-7505616AE5CC}.Debug|Any CPU.ActiveCfg = Debug|Any CPU
		{356DAED8-C3E0-46DA-9485-7505616AE5CC}.Debug|Any CPU.Build.0 = Debug|Any CPU
		{356DAED8-C3E0-46DA-9485-7505616AE5CC}.Release|Any CPU.ActiveCfg = Release|Any CPU
		{356DAED8-C3E0-46DA-9485-7505616AE5CC}.Release|Any CPU.Build.0 = Release|Any CPU
	EndGlobalSection
EndGlobal
